
Microsoft Visual Studio Solution File, Format Version 12.00
# Visual Studio Version 17
VisualStudioVersion = 17.7.34202.233
MinimumVisualStudioVersion = 10.0.40219.1
Project("{8BC9CEB8-8B4A-11D0-8D11-00A0C91BC942}") = "NewClock", "NewClock.vcxproj", "{477CCCA6-617D-4572-BA6B-FC0A2247C647}"
EndProject
Global
	GlobalSection(SolutionConfigurationPlatforms) = preSolution
		Debug|x64 = Debug|x64
		Debug|x86 = Debug|x86
		Release|x64 = Release|x64
		Release|x86 = Release|x86
	EndGlobalSection
	GlobalSection(ProjectConfigurationPlatforms) = postSolution
		{477CCCA6-617D-4572-BA6B-FC0A2247C647}.Debug|x64.ActiveCfg = Debug|x64
		{477CCCA6-617D-4572-BA6B-FC0A2247C647}.Debug|x64.Build.0 = Debug|x64
		{477CCCA6-617D-4572-BA6B-FC0A2247C647}.Debug|x86.ActiveCfg = Debug|Win32
		{477CCCA6-617D-4572-BA6B-FC0A2247C647}.Debug|x86.Build.0 = Debug|Win32
		{477CCCA6-617D-4572-BA6B-FC0A2247C647}.Release|x64.ActiveCfg = Release|x64
		{477CCCA6-617D-4572-BA6B-FC0A2247C647}.Release|x64.Build.0 = Release|x64
		{477CCCA6-617D-4572-BA6B-FC0A2247C647}.Release|x86.ActiveCfg = Release|Win32
		{477CCCA6-617D-4572-BA6B-FC0A2247C647}.Release|x86.Build.0 = Release|Win32
	EndGlobalSection
	GlobalSection(SolutionProperties) = preSolution
		HideSolutionNode = FALSE
	EndGlobalSection
	GlobalSection(ExtensibilityGlobals) = postSolution
		SolutionGuid = {DA429BDE-F4E0-46EA-AC2A-A9FA0A497012}
	EndGlobalSection
EndGlobal
